
Microsoft Visual Studio Solution File, Format Version 12.00
# Visual Studio 14
VisualStudioVersion = 14.0.25123.0
MinimumVisualStudioVersion = 10.0.40219.1
Project("{FAE04EC0-301F-11D3-BF4B-00C04F79EFBC}") = "02-Basics", "02-Basics\02-Basics.csproj", "{889442EB-B21C-4EEF-83FD-BCFD9B168DF4}"
EndProject
Project("{FAE04EC0-301F-11D3-BF4B-00C04F79EFBC}") = "04-ProjectCollectionsAndProjects", "04-ProjectCollectionsAndProjects\04-ProjectCollectionsAndProjects.csproj", "{0A4B018C-6984-4A1B-A3AC-5E701ED1E58F}"
EndProject
Global
	GlobalSection(SolutionConfigurationPlatforms) = preSolution
		Debug|Any CPU = Debug|Any CPU
		Release|Any CPU = Release|Any CPU
	EndGlobalSection
	GlobalSection(ProjectConfigurationPlatforms) = postSolution
		{889442EB-B21C-4EEF-83FD-BCFD9B168DF4}.Debug|Any CPU.ActiveCfg = Debug|Any CPU
		{889442EB-B21C-4EEF-83FD-BCFD9B168DF4}.Debug|Any CPU.Build.0 = Debug|Any CPU
		{889442EB-B21C-4EEF-83FD-BCFD9B168DF4}.Release|Any CPU.ActiveCfg = Release|Any CPU
		{889442EB-B21C-4EEF-83FD-BCFD9B168DF4}.Release|Any CPU.Build.0 = Release|Any CPU
		{0A4B018C-6984-4A1B-A3AC-5E701ED1E58F}.Debug|Any CPU.ActiveCfg = Debug|Any CPU
		{0A4B018C-6984-4A1B-A3AC-5E701ED1E58F}.Debug|Any CPU.Build.0 = Debug|Any CPU
		{0A4B018C-6984-4A1B-A3AC-5E701ED1E58F}.Release|Any CPU.ActiveCfg = Release|Any CPU
		{0A4B018C-6984-4A1B-A3AC-5E701ED1E58F}.Release|Any CPU.Build.0 = Release|Any CPU
	EndGlobalSection
	GlobalSection(SolutionProperties) = preSolution
		HideSolutionNode = FALSE
	EndGlobalSection
EndGlobal
